
Microsoft Visual Studio Solution File, Format Version 12.00
# Visual Studio Version 17
VisualStudioVersion = 17.2.32526.322
MinimumVisualStudioVersion = 10.0.40219.1
Project("{9A19103F-16F7-4668-BE54-9A1E7A4F7556}") = "NotificationServicesAPI", "NotificationServicesAPI\NotificationServicesAPI.csproj", "{5BEECD2A-E5E7-498B-AA9B-0E0432B06FBF}"
EndProject
Project("{9A19103F-16F7-4668-BE54-9A1E7A4F7556}") = "NotificationServices.Core", "NotificationServices.Core\NotificationServices.Core.csproj", "{562B7BC8-6C7D-4C1B-AD9E-2A8F90B38607}"
EndProject
Project("{9A19103F-16F7-4668-BE54-9A1E7A4F7556}") = "NotificationServices.Domain", "NotificationServices.Domain\NotificationServices.Domain.csproj", "{C3EC665F-1443-4CBD-832F-D011DFAE2148}"
EndProject
Project("{9A19103F-16F7-4668-BE54-9A1E7A4F7556}") = "NotificationServices.Infrastructure", "NotificationServices.Infrastructure\NotificationServices.Infrastructure.csproj", "{554DBD5F-6CF0-44CD-BC6F-9EA9DAF841D3}"
EndProject
Project("{2150E333-8FDC-42A3-9474-1A3956D46DE8}") = ".github", ".github", "{E45CB067-5DA3-4BF1-A176-8B52EC66D915}"
EndProject
Project("{2150E333-8FDC-42A3-9474-1A3956D46DE8}") = "workflows", "workflows", "{FF2AE6A1-22FB-4CBB-8C91-AB3256FCC40E}"
	ProjectSection(SolutionItems) = preProject
		branchDeployment.yml = branchDeployment.yml
		herokuDeployment.yml = herokuDeployment.yml
	EndProjectSection
EndProject
Global
	GlobalSection(SolutionConfigurationPlatforms) = preSolution
		Debug|Any CPU = Debug|Any CPU
		Release|Any CPU = Release|Any CPU
	EndGlobalSection
	GlobalSection(ProjectConfigurationPlatforms) = postSolution
		{5BEECD2A-E5E7-498B-AA9B-0E0432B06FBF}.Debug|Any CPU.ActiveCfg = Debug|Any CPU
		{5BEECD2A-E5E7-498B-AA9B-0E0432B06FBF}.Debug|Any CPU.Build.0 = Debug|Any CPU
		{5BEECD2A-E5E7-498B-AA9B-0E0432B06FBF}.Release|Any CPU.ActiveCfg = Release|Any CPU
		{5BEECD2A-E5E7-498B-AA9B-0E0432B06FBF}.Release|Any CPU.Build.0 = Release|Any CPU
		{562B7BC8-6C7D-4C1B-AD9E-2A8F90B38607}.Debug|Any CPU.ActiveCfg = Debug|Any CPU
		{562B7BC8-6C7D-4C1B-AD9E-2A8F90B38607}.Debug|Any CPU.Build.0 = Debug|Any CPU
		{562B7BC8-6C7D-4C1B-AD9E-2A8F90B38607}.Release|Any CPU.ActiveCfg = Release|Any CPU
		{562B7BC8-6C7D-4C1B-AD9E-2A8F90B38607}.Release|Any CPU.Build.0 = Release|Any CPU
		{C3EC665F-1443-4CBD-832F-D011DFAE2148}.Debug|Any CPU.ActiveCfg = Debug|Any CPU
		{C3EC665F-1443-4CBD-832F-D011DFAE2148}.Debug|Any CPU.Build.0 = Debug|Any CPU
		{C3EC665F-1443-4CBD-832F-D011DFAE2148}.Release|Any CPU.ActiveCfg = Release|Any CPU
		{C3EC665F-1443-4CBD-832F-D011DFAE2148}.Release|Any CPU.Build.0 = Release|Any CPU
		{554DBD5F-6CF0-44CD-BC6F-9EA9DAF841D3}.Debug|Any CPU.ActiveCfg = Debug|Any CPU
		{554DBD5F-6CF0-44CD-BC6F-9EA9DAF841D3}.Debug|Any CPU.Build.0 = Debug|Any CPU
		{554DBD5F-6CF0-44CD-BC6F-9EA9DAF841D3}.Release|Any CPU.ActiveCfg = Release|Any CPU
		{554DBD5F-6CF0-44CD-BC6F-9EA9DAF841D3}.Release|Any CPU.Build.0 = Release|Any CPU
	EndGlobalSection
	GlobalSection(SolutionProperties) = preSolution
		HideSolutionNode = FALSE
	EndGlobalSection
	GlobalSection(NestedProjects) = preSolution
		{FF2AE6A1-22FB-4CBB-8C91-AB3256FCC40E} = {E45CB067-5DA3-4BF1-A176-8B52EC66D915}
	EndGlobalSection
	GlobalSection(ExtensibilityGlobals) = postSolution
		SolutionGuid = {0EC6E6EF-4376-4E7F-851B-ED35B98795D7}
	EndGlobalSection
EndGlobal
